
Microsoft Visual Studio Solution File, Format Version 12.00
# Visual Studio Version 17
VisualStudioVersion = 17.7.34031.279
MinimumVisualStudioVersion = 10.0.40219.1
Project("{FAE04EC0-301F-11D3-BF4B-00C04F79EFBC}") = "ConsoleMVC", "ConsoleMVC.csproj", "{966B479A-B011-47C2-9891-82C2B89EA513}"
EndProject
Global
	GlobalSection(SolutionConfigurationPlatforms) = preSolution
		Debug|Any CPU = Debug|Any CPU
		Release|Any CPU = Release|Any CPU
	EndGlobalSection
	GlobalSection(ProjectConfigurationPlatforms) = postSolution
		{966B479A-B011-47C2-9891-82C2B89EA513}.Debug|Any CPU.ActiveCfg = Debug|Any CPU
		{966B479A-B011-47C2-9891-82C2B89EA513}.Debug|Any CPU.Build.0 = Debug|Any CPU
		{966B479A-B011-47C2-9891-82C2B89EA513}.Release|Any CPU.ActiveCfg = Release|Any CPU
		{966B479A-B011-47C2-9891-82C2B89EA513}.Release|Any CPU.Build.0 = Release|Any CPU
	EndGlobalSection
	GlobalSection(SolutionProperties) = preSolution
		HideSolutionNode = FALSE
	EndGlobalSection
	GlobalSection(ExtensibilityGlobals) = postSolution
		SolutionGuid = {712DD5DD-540C-4CC0-ABA0-B7DC3C5AF3E6}
	EndGlobalSection
EndGlobal
